// !$*UTF8*$!
{
	archiveVersion = 1;
	classes = {
	};
	objectVersion = 55;
	objects = {

/* Begin PBXBuildFile section */
		CECDC46927B52AC100D53F93 /* ToDoListApp.swift in Sources */ = {isa = PBXBuildFile; fileRef = CECDC46827B52AC100D53F93 /* ToDoListApp.swift */; };
		CECDC46B27B52AC100D53F93 /* TodoListView.swift in Sources */ = {isa = PBXBuildFile; fileRef = CECDC46A27B52AC100D53F93 /* TodoListView.swift */; };
		CECDC46D27B52AC600D53F93 /* Assets.xcassets in Resources */ = {isa = PBXBuildFile; fileRef = CECDC46C27B52AC600D53F93 /* Assets.xcassets */; };
		CECDC47027B52AC600D53F93 /* Preview Assets.xcassets in Resources */ = {isa = PBXBuildFile; fileRef = CECDC46F27B52AC600D53F93 /* Preview Assets.xcassets */; };
		CECDC47727B52FC100D53F93 /* Poppins-Regular.ttf in Resources */ = {isa = PBXBuildFile; fileRef = CECDC47627B52FC100D53F93 /* Poppins-Regular.ttf */; };
		CECDC47A27B530C900D53F93 /* Poppins-Light.ttf in Resources */ = {isa = PBXBuildFile; fileRef = CECDC47927B530C900D53F93 /* Poppins-Light.ttf */; };
		CECDC47D27B5335900D53F93 /* ToDoModel.xcdatamodeld in Sources */ = {isa = PBXBuildFile; fileRef = CECDC47B27B5335900D53F93 /* ToDoModel.xcdatamodeld */; };
		CECDC47F27B533F600D53F93 /* DataController.swift in Sources */ = {isa = PBXBuildFile; fileRef = CECDC47E27B533F600D53F93 /* DataController.swift */; };
		CECDC48127B5359E00D53F93 /* TodoListViewModel.swift in Sources */ = {isa = PBXBuildFile; fileRef = CECDC48027B5359E00D53F93 /* TodoListViewModel.swift */; };
		CECDC48327B539D100D53F93 /* TargetView.swift in Sources */ = {isa = PBXBuildFile; fileRef = CECDC48227B539D100D53F93 /* TargetView.swift */; };
		CECDC48C27B657BC00D53F93 /* LoginView.swift in Sources */ = {isa = PBXBuildFile; fileRef = CECDC48B27B657BC00D53F93 /* LoginView.swift */; };
		CECDC48E27B657C600D53F93 /* LoginViewModel.swift in Sources */ = {isa = PBXBuildFile; fileRef = CECDC48D27B657C600D53F93 /* LoginViewModel.swift */; };
		CECDC49027B65BBD00D53F93 /* Poppins-SemiBold.ttf in Resources */ = {isa = PBXBuildFile; fileRef = CECDC48F27B65BBD00D53F93 /* Poppins-SemiBold.ttf */; };
		CECDC49227B65E6200D53F93 /* CountryModel.swift in Sources */ = {isa = PBXBuildFile; fileRef = CECDC49127B65E6200D53F93 /* CountryModel.swift */; };
		CECDC49827B6831E00D53F93 /* FirebaseAuth in Frameworks */ = {isa = PBXBuildFile; productRef = CECDC49727B6831E00D53F93 /* FirebaseAuth */; };
		CECDC49A27B683B000D53F93 /* GoogleService-Info.plist in Resources */ = {isa = PBXBuildFile; fileRef = CECDC49927B683B000D53F93 /* GoogleService-Info.plist */; };
		CECDC49D27B687E900D53F93 /* VerificationView.swift in Sources */ = {isa = PBXBuildFile; fileRef = CECDC49C27B687E900D53F93 /* VerificationView.swift */; };
		CECDC49F27B6881900D53F93 /* VerificationViewModel.swift in Sources */ = {isa = PBXBuildFile; fileRef = CECDC49E27B6881900D53F93 /* VerificationViewModel.swift */; };
		CECDC4A327BA5B0C00D53F93 /* CustomAlertView.swift in Sources */ = {isa = PBXBuildFile; fileRef = CECDC4A227BA5B0B00D53F93 /* CustomAlertView.swift */; };
		CEDF06F127BCF0BE00F3CB1D /* FontExtension.swift in Sources */ = {isa = PBXBuildFile; fileRef = CEDF06F027BCF0BE00F3CB1D /* FontExtension.swift */; };
		CEDF06F427BCF95200F3CB1D /* ColorExntension.swift in Sources */ = {isa = PBXBuildFile; fileRef = CEDF06F327BCF95200F3CB1D /* ColorExntension.swift */; };
/* End PBXBuildFile section */

/* Begin PBXFileReference section */
		CECDC46527B52AC100D53F93 /* ToDoList.app */ = {isa = PBXFileReference; explicitFileType = wrapper.application; includeInIndex = 0; path = ToDoList.app; sourceTree = BUILT_PRODUCTS_DIR; };
		CECDC46827B52AC100D53F93 /* ToDoListApp.swift */ = {isa = PBXFileReference; lastKnownFileType = sourcecode.swift; path = ToDoListApp.swift; sourceTree = "<group>"; };
		CECDC46A27B52AC100D53F93 /* TodoListView.swift */ = {isa = PBXFileReference; lastKnownFileType = sourcecode.swift; path = TodoListView.swift; sourceTree = "<group>"; };
		CECDC46C27B52AC600D53F93 /* Assets.xcassets */ = {isa = PBXFileReference; lastKnownFileType = folder.assetcatalog; path = Assets.xcassets; sourceTree = "<group>"; };
		CECDC46F27B52AC600D53F93 /* Preview Assets.xcassets */ = {isa = PBXFileReference; lastKnownFileType = folder.assetcatalog; path = "Preview Assets.xcassets"; sourceTree = "<group>"; };
		CECDC47627B52FC100D53F93 /* Poppins-Regular.ttf */ = {isa = PBXFileReference; lastKnownFileType = file; path = "Poppins-Regular.ttf"; sourceTree = "<group>"; };
		CECDC47827B52FEF00D53F93 /* Info.plist */ = {isa = PBXFileReference; lastKnownFileType = text.plist; path = Info.plist; sourceTree = "<group>"; };
		CECDC47927B530C900D53F93 /* Poppins-Light.ttf */ = {isa = PBXFileReference; lastKnownFileType = file; path = "Poppins-Light.ttf"; sourceTree = "<group>"; };
		CECDC47C27B5335900D53F93 /* ToDoModel.xcdatamodel */ = {isa = PBXFileReference; lastKnownFileType = wrapper.xcdatamodel; path = ToDoModel.xcdatamodel; sourceTree = "<group>"; };
		CECDC47E27B533F600D53F93 /* DataController.swift */ = {isa = PBXFileReference; lastKnownFileType = sourcecode.swift; path = DataController.swift; sourceTree = "<group>"; };
		CECDC48027B5359E00D53F93 /* TodoListViewModel.swift */ = {isa = PBXFileReference; lastKnownFileType = sourcecode.swift; path = TodoListViewModel.swift; sourceTree = "<group>"; };
		CECDC48227B539D100D53F93 /* TargetView.swift */ = {isa = PBXFileReference; lastKnownFileType = sourcecode.swift; path = TargetView.swift; sourceTree = "<group>"; };
		CECDC48B27B657BC00D53F93 /* LoginView.swift */ = {isa = PBXFileReference; lastKnownFileType = sourcecode.swift; path = LoginView.swift; sourceTree = "<group>"; };
		CECDC48D27B657C600D53F93 /* LoginViewModel.swift */ = {isa = PBXFileReference; lastKnownFileType = sourcecode.swift; path = LoginViewModel.swift; sourceTree = "<group>"; };
		CECDC48F27B65BBD00D53F93 /* Poppins-SemiBold.ttf */ = {isa = PBXFileReference; lastKnownFileType = file; path = "Poppins-SemiBold.ttf"; sourceTree = "<group>"; };
		CECDC49127B65E6200D53F93 /* CountryModel.swift */ = {isa = PBXFileReference; lastKnownFileType = sourcecode.swift; path = CountryModel.swift; sourceTree = "<group>"; };
		CECDC49927B683B000D53F93 /* GoogleService-Info.plist */ = {isa = PBXFileReference; fileEncoding = 4; lastKnownFileType = text.plist.xml; path = "GoogleService-Info.plist"; sourceTree = "<group>"; };
		CECDC49C27B687E900D53F93 /* VerificationView.swift */ = {isa = PBXFileReference; lastKnownFileType = sourcecode.swift; path = VerificationView.swift; sourceTree = "<group>"; };
		CECDC49E27B6881900D53F93 /* VerificationViewModel.swift */ = {isa = PBXFileReference; lastKnownFileType = sourcecode.swift; path = VerificationViewModel.swift; sourceTree = "<group>"; };
		CECDC4A227BA5B0B00D53F93 /* CustomAlertView.swift */ = {isa = PBXFileReference; lastKnownFileType = sourcecode.swift; path = CustomAlertView.swift; sourceTree = "<group>"; };
		CEDF06F027BCF0BE00F3CB1D /* FontExtension.swift */ = {isa = PBXFileReference; lastKnownFileType = sourcecode.swift; path = FontExtension.swift; sourceTree = "<group>"; };
		CEDF06F327BCF95200F3CB1D /* ColorExntension.swift */ = {isa = PBXFileReference; lastKnownFileType = sourcecode.swift; path = ColorExntension.swift; sourceTree = "<group>"; };
/* End PBXFileReference section */

/* Begin PBXFrameworksBuildPhase section */
		CECDC46227B52AC100D53F93 /* Frameworks */ = {
			isa = PBXFrameworksBuildPhase;
			buildActionMask = 2147483647;
			files = (
				CECDC49827B6831E00D53F93 /* FirebaseAuth in Frameworks */,
			);
			runOnlyForDeploymentPostprocessing = 0;
		};
/* End PBXFrameworksBuildPhase section */

/* Begin PBXGroup section */
		CECDC45C27B52AC100D53F93 = {
			isa = PBXGroup;
			children = (
				CECDC46727B52AC100D53F93 /* ToDoList */,
				CECDC46627B52AC100D53F93 /* Products */,
			);
			sourceTree = "<group>";
		};
		CECDC46627B52AC100D53F93 /* Products */ = {
			isa = PBXGroup;
			children = (
				CECDC46527B52AC100D53F93 /* ToDoList.app */,
			);
			name = Products;
			sourceTree = "<group>";
		};
		CECDC46727B52AC100D53F93 /* ToDoList */ = {
			isa = PBXGroup;
			children = (
				CECDC46827B52AC100D53F93 /* ToDoListApp.swift */,
				CECDC49B27B687D900D53F93 /* Verification */,
				CECDC48A27B657B000D53F93 /* Login */,
				CECDC4A027B6BCB400D53F93 /* TodoList */,
				CECDC48827B5658500D53F93 /* Model */,
				CECDC48927B5659700D53F93 /* Fonts */,
				CEDF06F227BCF92E00F3CB1D /* Extensions */,
				CECDC4A127B6BD0900D53F93 /* Controller */,
				CECDC47827B52FEF00D53F93 /* Info.plist */,
				CECDC49927B683B000D53F93 /* GoogleService-Info.plist */,
				CECDC46C27B52AC600D53F93 /* Assets.xcassets */,
				CECDC46E27B52AC600D53F93 /* Preview Content */,
			);
			path = ToDoList;
			sourceTree = "<group>";
		};
		CECDC46E27B52AC600D53F93 /* Preview Content */ = {
			isa = PBXGroup;
			children = (
				CECDC46F27B52AC600D53F93 /* Preview Assets.xcassets */,
			);
			path = "Preview Content";
			sourceTree = "<group>";
		};
		CECDC48827B5658500D53F93 /* Model */ = {
			isa = PBXGroup;
			children = (
				CECDC47B27B5335900D53F93 /* ToDoModel.xcdatamodeld */,
			);
			path = Model;
			sourceTree = "<group>";
		};
		CECDC48927B5659700D53F93 /* Fonts */ = {
			isa = PBXGroup;
			children = (
				CECDC48F27B65BBD00D53F93 /* Poppins-SemiBold.ttf */,
				CECDC47627B52FC100D53F93 /* Poppins-Regular.ttf */,
				CECDC47927B530C900D53F93 /* Poppins-Light.ttf */,
			);
			path = Fonts;
			sourceTree = "<group>";
		};
		CECDC48A27B657B000D53F93 /* Login */ = {
			isa = PBXGroup;
			children = (
				CECDC48B27B657BC00D53F93 /* LoginView.swift */,
				CECDC4A227BA5B0B00D53F93 /* CustomAlertView.swift */,
				CECDC48D27B657C600D53F93 /* LoginViewModel.swift */,
				CECDC49127B65E6200D53F93 /* CountryModel.swift */,
			);
			path = Login;
			sourceTree = "<group>";
		};
		CECDC49B27B687D900D53F93 /* Verification */ = {
			isa = PBXGroup;
			children = (
				CECDC49C27B687E900D53F93 /* VerificationView.swift */,
				CECDC49E27B6881900D53F93 /* VerificationViewModel.swift */,
			);
			path = Verification;
			sourceTree = "<group>";
		};
		CECDC4A027B6BCB400D53F93 /* TodoList */ = {
			isa = PBXGroup;
			children = (
				CECDC48027B5359E00D53F93 /* TodoListViewModel.swift */,
				CECDC46A27B52AC100D53F93 /* TodoListView.swift */,
				CECDC48227B539D100D53F93 /* TargetView.swift */,
			);
			path = TodoList;
			sourceTree = "<group>";
		};
		CECDC4A127B6BD0900D53F93 /* Controller */ = {
			isa = PBXGroup;
			children = (
				CECDC47E27B533F600D53F93 /* DataController.swift */,
			);
			path = Controller;
			sourceTree = "<group>";
		};
		CEDF06F227BCF92E00F3CB1D /* Extensions */ = {
			isa = PBXGroup;
			children = (
				CEDF06F027BCF0BE00F3CB1D /* FontExtension.swift */,
				CEDF06F327BCF95200F3CB1D /* ColorExntension.swift */,
			);
			path = Extensions;
			sourceTree = "<group>";
		};
/* End PBXGroup section */

/* Begin PBXNativeTarget section */
		CECDC46427B52AC100D53F93 /* ToDoList */ = {
			isa = PBXNativeTarget;
			buildConfigurationList = CECDC47327B52AC600D53F93 /* Build configuration list for PBXNativeTarget "ToDoList" */;
			buildPhases = (
				CECDC46127B52AC100D53F93 /* Sources */,
				CECDC46227B52AC100D53F93 /* Frameworks */,
				CECDC46327B52AC100D53F93 /* Resources */,
			);
			buildRules = (
			);
			dependencies = (
			);
			name = ToDoList;
			packageProductDependencies = (
				CECDC49727B6831E00D53F93 /* FirebaseAuth */,
			);
			productName = ToDoList;
			productReference = CECDC46527B52AC100D53F93 /* ToDoList.app */;
			productType = "com.apple.product-type.application";
		};
/* End PBXNativeTarget section */

/* Begin PBXProject section */
		CECDC45D27B52AC100D53F93 /* Project object */ = {
			isa = PBXProject;
			attributes = {
				BuildIndependentTargetsInParallel = 1;
				LastSwiftUpdateCheck = 1310;
				LastUpgradeCheck = 1310;
				TargetAttributes = {
					CECDC46427B52AC100D53F93 = {
						CreatedOnToolsVersion = 13.1;
					};
				};
			};
			buildConfigurationList = CECDC46027B52AC100D53F93 /* Build configuration list for PBXProject "ToDoList" */;
			compatibilityVersion = "Xcode 13.0";
			developmentRegion = en;
			hasScannedForEncodings = 0;
			knownRegions = (
				en,
				Base,
			);
			mainGroup = CECDC45C27B52AC100D53F93;
			packageReferences = (
				CECDC49627B6831E00D53F93 /* XCRemoteSwiftPackageReference "firebase-ios-sdk" */,
			);
			productRefGroup = CECDC46627B52AC100D53F93 /* Products */;
			projectDirPath = "";
			projectRoot = "";
			targets = (
				CECDC46427B52AC100D53F93 /* ToDoList */,
			);
		};
/* End PBXProject section */

/* Begin PBXResourcesBuildPhase section */
		CECDC46327B52AC100D53F93 /* Resources */ = {
			isa = PBXResourcesBuildPhase;
			buildActionMask = 2147483647;
			files = (
				CECDC49027B65BBD00D53F93 /* Poppins-SemiBold.ttf in Resources */,
				CECDC47727B52FC100D53F93 /* Poppins-Regular.ttf in Resources */,
				CECDC47027B52AC600D53F93 /* Preview Assets.xcassets in Resources */,
				CECDC46D27B52AC600D53F93 /* Assets.xcassets in Resources */,
				CECDC47A27B530C900D53F93 /* Poppins-Light.ttf in Resources */,
				CECDC49A27B683B000D53F93 /* GoogleService-Info.plist in Resources */,
			);
			runOnlyForDeploymentPostprocessing = 0;
		};
/* End PBXResourcesBuildPhase section */

/* Begin PBXSourcesBuildPhase section */
		CECDC46127B52AC100D53F93 /* Sources */ = {
			isa = PBXSourcesBuildPhase;
			buildActionMask = 2147483647;
			files = (
				CEDF06F427BCF95200F3CB1D /* ColorExntension.swift in Sources */,
				CECDC46B27B52AC100D53F93 /* TodoListView.swift in Sources */,
				CEDF06F127BCF0BE00F3CB1D /* FontExtension.swift in Sources */,
				CECDC48C27B657BC00D53F93 /* LoginView.swift in Sources */,
				CECDC49227B65E6200D53F93 /* CountryModel.swift in Sources */,
				CECDC47F27B533F600D53F93 /* DataController.swift in Sources */,
				CECDC48127B5359E00D53F93 /* TodoListViewModel.swift in Sources */,
				CECDC49D27B687E900D53F93 /* VerificationView.swift in Sources */,
				CECDC4A327BA5B0C00D53F93 /* CustomAlertView.swift in Sources */,
				CECDC49F27B6881900D53F93 /* VerificationViewModel.swift in Sources */,
				CECDC48E27B657C600D53F93 /* LoginViewModel.swift in Sources */,
				CECDC48327B539D100D53F93 /* TargetView.swift in Sources */,
				CECDC46927B52AC100D53F93 /* ToDoListApp.swift in Sources */,
				CECDC47D27B5335900D53F93 /* ToDoModel.xcdatamodeld in Sources */,
			);
			runOnlyForDeploymentPostprocessing = 0;
		};
/* End PBXSourcesBuildPhase section */

/* Begin XCBuildConfiguration section */
		CECDC47127B52AC600D53F93 /* Debug */ = {
			isa = XCBuildConfiguration;
			buildSettings = {
				ALWAYS_SEARCH_USER_PATHS = NO;
				CLANG_ANALYZER_NONNULL = YES;
				CLANG_ANALYZER_NUMBER_OBJECT_CONVERSION = YES_AGGRESSIVE;
				CLANG_CXX_LANGUAGE_STANDARD = "gnu++17";
				CLANG_CXX_LIBRARY = "libc++";
				CLANG_ENABLE_MODULES = YES;
				CLANG_ENABLE_OBJC_ARC = YES;
				CLANG_ENABLE_OBJC_WEAK = YES;
				CLANG_WARN_BLOCK_CAPTURE_AUTORELEASING = YES;
				CLANG_WARN_BOOL_CONVERSION = YES;
				CLANG_WARN_COMMA = YES;
				CLANG_WARN_CONSTANT_CONVERSION = YES;
				CLANG_WARN_DEPRECATED_OBJC_IMPLEMENTATIONS = YES;
				CLANG_WARN_DIRECT_OBJC_ISA_USAGE = YES_ERROR;
				CLANG_WARN_DOCUMENTATION_COMMENTS = YES;
				CLANG_WARN_EMPTY_BODY = YES;
				CLANG_WARN_ENUM_CONVERSION = YES;
				CLANG_WARN_INFINITE_RECURSION = YES;
				CLANG_WARN_INT_CONVERSION = YES;
				CLANG_WARN_NON_LITERAL_NULL_CONVERSION = YES;
				CLANG_WARN_OBJC_IMPLICIT_RETAIN_SELF = YES;
				CLANG_WARN_OBJC_LITERAL_CONVERSION = YES;
				CLANG_WARN_OBJC_ROOT_CLASS = YES_ERROR;
				CLANG_WARN_QUOTED_INCLUDE_IN_FRAMEWORK_HEADER = YES;
				CLANG_WARN_RANGE_LOOP_ANALYSIS = YES;
				CLANG_WARN_STRICT_PROTOTYPES = YES;
				CLANG_WARN_SUSPICIOUS_MOVE = YES;
				CLANG_WARN_UNGUARDED_AVAILABILITY = YES_AGGRESSIVE;
				CLANG_WARN_UNREACHABLE_CODE = YES;
				CLANG_WARN__DUPLICATE_METHOD_MATCH = YES;
				COPY_PHASE_STRIP = NO;
				DEBUG_INFORMATION_FORMAT = dwarf;
				ENABLE_STRICT_OBJC_MSGSEND = YES;
				ENABLE_TESTABILITY = YES;
				GCC_C_LANGUAGE_STANDARD = gnu11;
				GCC_DYNAMIC_NO_PIC = NO;
				GCC_NO_COMMON_BLOCKS = YES;
				GCC_OPTIMIZATION_LEVEL = 0;
				GCC_PREPROCESSOR_DEFINITIONS = (
					"DEBUG=1",
					"$(inherited)",
				);
				GCC_WARN_64_TO_32_BIT_CONVERSION = YES;
				GCC_WARN_ABOUT_RETURN_TYPE = YES_ERROR;
				GCC_WARN_UNDECLARED_SELECTOR = YES;
				GCC_WARN_UNINITIALIZED_AUTOS = YES_AGGRESSIVE;
				GCC_WARN_UNUSED_FUNCTION = YES;
				GCC_WARN_UNUSED_VARIABLE = YES;
				IPHONEOS_DEPLOYMENT_TARGET = 15.0;
				MTL_ENABLE_DEBUG_INFO = INCLUDE_SOURCE;
				MTL_FAST_MATH = YES;
				ONLY_ACTIVE_ARCH = YES;
				SDKROOT = iphoneos;
				SWIFT_ACTIVE_COMPILATION_CONDITIONS = DEBUG;
				SWIFT_OPTIMIZATION_LEVEL = "-Onone";
			};
			name = Debug;
		};
		CECDC47227B52AC600D53F93 /* Release */ = {
			isa = XCBuildConfiguration;
			buildSettings = {
				ALWAYS_SEARCH_USER_PATHS = NO;
				CLANG_ANALYZER_NONNULL = YES;
				CLANG_ANALYZER_NUMBER_OBJECT_CONVERSION = YES_AGGRESSIVE;
				CLANG_CXX_LANGUAGE_STANDARD = "gnu++17";
				CLANG_CXX_LIBRARY = "libc++";
				CLANG_ENABLE_MODULES = YES;
				CLANG_ENABLE_OBJC_ARC = YES;
				CLANG_ENABLE_OBJC_WEAK = YES;
				CLANG_WARN_BLOCK_CAPTURE_AUTORELEASING = YES;
				CLANG_WARN_BOOL_CONVERSION = YES;
				CLANG_WARN_COMMA = YES;
				CLANG_WARN_CONSTANT_CONVERSION = YES;
				CLANG_WARN_DEPRECATED_OBJC_IMPLEMENTATIONS = YES;
				CLANG_WARN_DIRECT_OBJC_ISA_USAGE = YES_ERROR;
				CLANG_WARN_DOCUMENTATION_COMMENTS = YES;
				CLANG_WARN_EMPTY_BODY = YES;
				CLANG_WARN_ENUM_CONVERSION = YES;
				CLANG_WARN_INFINITE_RECURSION = YES;
				CLANG_WARN_INT_CONVERSION = YES;
				CLANG_WARN_NON_LITERAL_NULL_CONVERSION = YES;
				CLANG_WARN_OBJC_IMPLICIT_RETAIN_SELF = YES;
				CLANG_WARN_OBJC_LITERAL_CONVERSION = YES;
				CLANG_WARN_OBJC_ROOT_CLASS = YES_ERROR;
				CLANG_WARN_QUOTED_INCLUDE_IN_FRAMEWORK_HEADER = YES;
				CLANG_WARN_RANGE_LOOP_ANALYSIS = YES;
				CLANG_WARN_STRICT_PROTOTYPES = YES;
				CLANG_WARN_SUSPICIOUS_MOVE = YES;
				CLANG_WARN_UNGUARDED_AVAILABILITY = YES_AGGRESSIVE;
				CLANG_WARN_UNREACHABLE_CODE = YES;
				CLANG_WARN__DUPLICATE_METHOD_MATCH = YES;
				COPY_PHASE_STRIP = NO;
				DEBUG_INFORMATION_FORMAT = "dwarf-with-dsym";
				ENABLE_NS_ASSERTIONS = NO;
				ENABLE_STRICT_OBJC_MSGSEND = YES;
				GCC_C_LANGUAGE_STANDARD = gnu11;
				GCC_NO_COMMON_BLOCKS = YES;
				GCC_WARN_64_TO_32_BIT_CONVERSION = YES;
				GCC_WARN_ABOUT_RETURN_TYPE = YES_ERROR;
				GCC_WARN_UNDECLARED_SELECTOR = YES;
				GCC_WARN_UNINITIALIZED_AUTOS = YES_AGGRESSIVE;
				GCC_WARN_UNUSED_FUNCTION = YES;
				GCC_WARN_UNUSED_VARIABLE = YES;
				IPHONEOS_DEPLOYMENT_TARGET = 15.0;
				MTL_ENABLE_DEBUG_INFO = NO;
				MTL_FAST_MATH = YES;
				SDKROOT = iphoneos;
				SWIFT_COMPILATION_MODE = wholemodule;
				SWIFT_OPTIMIZATION_LEVEL = "-O";
				VALIDATE_PRODUCT = YES;
			};
			name = Release;
		};
		CECDC47427B52AC600D53F93 /* Debug */ = {
			isa = XCBuildConfiguration;
			buildSettings = {
				ASSETCATALOG_COMPILER_APPICON_NAME = AppIcon;
				ASSETCATALOG_COMPILER_GLOBAL_ACCENT_COLOR_NAME = AccentColor;
				CODE_SIGN_STYLE = Automatic;
				CURRENT_PROJECT_VERSION = 1;
				DEVELOPMENT_ASSET_PATHS = "\"ToDoList/Preview Content\"";
				DEVELOPMENT_TEAM = HT476QBRPD;
				ENABLE_PREVIEWS = YES;
				GENERATE_INFOPLIST_FILE = YES;
				INFOPLIST_FILE = ToDoList/Info.plist;
				INFOPLIST_KEY_UIApplicationSceneManifest_Generation = YES;
				INFOPLIST_KEY_UIApplicationSupportsIndirectInputEvents = YES;
				INFOPLIST_KEY_UILaunchScreen_Generation = YES;
				INFOPLIST_KEY_UISupportedInterfaceOrientations_iPad = "UIInterfaceOrientationPortrait UIInterfaceOrientationPortraitUpsideDown UIInterfaceOrientationLandscapeLeft UIInterfaceOrientationLandscapeRight";
				INFOPLIST_KEY_UISupportedInterfaceOrientations_iPhone = "UIInterfaceOrientationPortrait UIInterfaceOrientationLandscapeLeft UIInterfaceOrientationLandscapeRight";
				LD_RUNPATH_SEARCH_PATHS = (
					"$(inherited)",
					"@executable_path/Frameworks",
				);
				MARKETING_VERSION = 1.0;
				PRODUCT_BUNDLE_IDENTIFIER = com.andrii.ToDoList;
				PRODUCT_NAME = "$(TARGET_NAME)";
				SWIFT_EMIT_LOC_STRINGS = YES;
				SWIFT_VERSION = 5.0;
				TARGETED_DEVICE_FAMILY = "1,2";
			};
			name = Debug;
		};
		CECDC47527B52AC600D53F93 /* Release */ = {
			isa = XCBuildConfiguration;
			buildSettings = {
				ASSETCATALOG_COMPILER_APPICON_NAME = AppIcon;
				ASSETCATALOG_COMPILER_GLOBAL_ACCENT_COLOR_NAME = AccentColor;
				CODE_SIGN_STYLE = Automatic;
				CURRENT_PROJECT_VERSION = 1;
				DEVELOPMENT_ASSET_PATHS = "\"ToDoList/Preview Content\"";
				DEVELOPMENT_TEAM = HT476QBRPD;
				ENABLE_PREVIEWS = YES;
				GENERATE_INFOPLIST_FILE = YES;
				INFOPLIST_FILE = ToDoList/Info.plist;
				INFOPLIST_KEY_UIApplicationSceneManifest_Generation = YES;
				INFOPLIST_KEY_UIApplicationSupportsIndirectInputEvents = YES;
				INFOPLIST_KEY_UILaunchScreen_Generation = YES;
				INFOPLIST_KEY_UISupportedInterfaceOrientations_iPad = "UIInterfaceOrientationPortrait UIInterfaceOrientationPortraitUpsideDown UIInterfaceOrientationLandscapeLeft UIInterfaceOrientationLandscapeRight";
				INFOPLIST_KEY_UISupportedInterfaceOrientations_iPhone = "UIInterfaceOrientationPortrait UIInterfaceOrientationLandscapeLeft UIInterfaceOrientationLandscapeRight";
				LD_RUNPATH_SEARCH_PATHS = (
					"$(inherited)",
					"@executable_path/Frameworks",
				);
				MARKETING_VERSION = 1.0;
				PRODUCT_BUNDLE_IDENTIFIER = com.andrii.ToDoList;
				PRODUCT_NAME = "$(TARGET_NAME)";
				SWIFT_EMIT_LOC_STRINGS = YES;
				SWIFT_VERSION = 5.0;
				TARGETED_DEVICE_FAMILY = "1,2";
			};
			name = Release;
		};
/* End XCBuildConfiguration section */

/* Begin XCConfigurationList section */
		CECDC46027B52AC100D53F93 /* Build configuration list for PBXProject "ToDoList" */ = {
			isa = XCConfigurationList;
			buildConfigurations = (
				CECDC47127B52AC600D53F93 /* Debug */,
				CECDC47227B52AC600D53F93 /* Release */,
			);
			defaultConfigurationIsVisible = 0;
			defaultConfigurationName = Release;
		};
		CECDC47327B52AC600D53F93 /* Build configuration list for PBXNativeTarget "ToDoList" */ = {
			isa = XCConfigurationList;
			buildConfigurations = (
				CECDC47427B52AC600D53F93 /* Debug */,
				CECDC47527B52AC600D53F93 /* Release */,
			);
			defaultConfigurationIsVisible = 0;
			defaultConfigurationName = Release;
		};
/* End XCConfigurationList section */

/* Begin XCRemoteSwiftPackageReference section */
		CECDC49627B6831E00D53F93 /* XCRemoteSwiftPackageReference "firebase-ios-sdk" */ = {
			isa = XCRemoteSwiftPackageReference;
			repositoryURL = "https://github.com/firebase/firebase-ios-sdk";
			requirement = {
				kind = upToNextMajorVersion;
				minimumVersion = 8.0.0;
			};
		};
/* End XCRemoteSwiftPackageReference section */

/* Begin XCSwiftPackageProductDependency section */
		CECDC49727B6831E00D53F93 /* FirebaseAuth */ = {
			isa = XCSwiftPackageProductDependency;
			package = CECDC49627B6831E00D53F93 /* XCRemoteSwiftPackageReference "firebase-ios-sdk" */;
			productName = FirebaseAuth;
		};
/* End XCSwiftPackageProductDependency section */

/* Begin XCVersionGroup section */
		CECDC47B27B5335900D53F93 /* ToDoModel.xcdatamodeld */ = {
			isa = XCVersionGroup;
			children = (
				CECDC47C27B5335900D53F93 /* ToDoModel.xcdatamodel */,
			);
			currentVersion = CECDC47C27B5335900D53F93 /* ToDoModel.xcdatamodel */;
			path = ToDoModel.xcdatamodeld;
			sourceTree = "<group>";
			versionGroupType = wrapper.xcdatamodel;
		};
/* End XCVersionGroup section */
	};
	rootObject = CECDC45D27B52AC100D53F93 /* Project object */;
}
